{
	"_OFProjectGeneratorVersion": "0.104.0",
	"archiveVersion": "1",
	"classes": {},
	"objectVersion": "54",
	"objects": {
		"00C74163-6EC8-4B50-AC19-1BC5B6E8AF38": {
			"fileEncoding": "4",
			"isa": "PBXFileReference",
			"lastKnownFileType": "sourcecode.cpp.h",
			"name": "ofxBaseGui.h",
			"sourceTree": "<group>"
		},
		"06D5788F-A7BC-42B5-9B0F-8756E0C2C4E3": {
			"fileEncoding": "4",
			"isa": "PBXFileReference",
			"lastKnownFileType": "sourcecode.cpp.h",
			"name": "ThresholdedAddShader.h",
			"sourceTree": "<group>"
		},
		"07888CC6-7634-4B33-A3F4-96DDB15471B5": {
			"fileEncoding": "4",
			"isa": "PBXFileReference",
			"lastKnownFileType": "sourcecode.cpp.h",
			"name": "JacobiShader.h",
			"sourceTree": "<group>"
		},
		"0F60B00E-2D81-4BBF-B133-B61D073CBD35": {
			"fileEncoding": "4",
			"isa": "PBXFileReference",
			"lastKnownFileType": "sourcecode.cpp.cpp",
			"name": "ofxToggle.cpp",
			"sourceTree": "<group>"
		},
		"1135946B-FC1D-4F40-8628-8E49C741A355": {
			"fileEncoding": "4",
			"isa": "PBXFileReference",
			"lastKnownFileType": "sourcecode.cpp.h",
			"name": "UnitQuadMesh.h",
			"sourceTree": "<group>"
		},
		"191CD6FA2847E21E0085CBB6": {
			"fileEncoding": "4",
			"isa": "PBXFileReference",
			"lastKnownFileType": "text.plist.entitlements",
			"path": "of.entitlements",
			"sourceTree": "<group>"
		},
		"191EF70929D778A400F35F26": {
			"isa": "PBXFileReference",
			"lastKnownFileType": "folder",
			"name": "openFrameworks",
			"path": "../../../libs/openFrameworks",
			"sourceTree": "SOURCE_ROOT"
		},
		"19B789C429E5AB4A0082E9B8": {
			"alwaysOutOfDate": "1",
			"buildActionMask": "2147483647",
			"files": [],
			"inputFileListPaths": [],
			"inputPaths": [],
			"isa": "PBXShellScriptBuildPhase",
			"outputFileListPaths": [],
			"outputPaths": [],
			"runOnlyForDeploymentPostprocessing": "0",
			"shellPath": "/bin/sh",
			"shellScript": "\"$OF_PATH/scripts/osx/xcode_project.sh\"\n",
			"showEnvVarsInLog": "0"
		},
		"2453861D-2C33-4D07-A38E-BF2BEAD72D7D": {
			"fileRef": "FA11EF96-0DC4-45DF-9DAC-E658C9CEDE67",
			"isa": "PBXBuildFile"
		},
		"2B523E52-1BC2-49CC-A97D-A8B4BFDFCB93": {
			"fileEncoding": "4",
			"isa": "PBXFileReference",
			"lastKnownFileType": "sourcecode.cpp.h",
			"name": "ofxButton.h",
			"sourceTree": "<group>"
		},
		"2DB35EDF-BAD6-4528-B131-EE96BE132238": {
			"fileEncoding": "4",
			"isa": "PBXFileReference",
			"lastKnownFileType": "sourcecode.cpp.h",
			"name": "DrawShader.h",
			"sourceTree": "<group>"
		},
		"31F1E8B0-297E-4EC2-B847-631C2073E880": {
			"children": [
				"D834D21A-3606-4C48-BFEB-7DB236E6CD60"
			],
			"isa": "PBXGroup",
			"name": "ofxRenderer",
			"path": "ofxRenderer",
			"sourceTree": "<group>"
		},
		"32C405C7-FE42-48DB-9727-5A6B7E4C2561": {
			"fileEncoding": "4",
			"isa": "PBXFileReference",
			"lastKnownFileType": "sourcecode.cpp.h",
			"name": "SoftCircleShader.h",
			"sourceTree": "<group>"
		},
		"3A6AFBAA-C6B2-4187-A8F6-3E172989B381": {
			"fileEncoding": "4",
			"isa": "PBXFileReference",
			"lastKnownFileType": "sourcecode.cpp.h",
			"name": "FadeEffect.h",
			"sourceTree": "<group>"
		},
		"3AE1BA35-1A58-465F-A272-CE145401917E": {
			"fileEncoding": "4",
			"isa": "PBXFileReference",
			"lastKnownFileType": "sourcecode.cpp.h",
			"name": "ofxParticleField.h",
			"sourceTree": "<group>"
		},
		"3B079FBC-6F59-4ED5-80FA-12A98E528223": {
			"fileEncoding": "4",
			"isa": "PBXFileReference",
			"lastKnownFileType": "sourcecode.cpp.h",
			"name": "ofxLabel.h",
			"sourceTree": "<group>"
		},
		"3D2B7EBA-4C9A-4EEB-BEEC-8263D9641207": {
			"fileRef": "0F60B00E-2D81-4BBF-B133-B61D073CBD35",
			"isa": "PBXBuildFile"
		},
		"3FA031F1-97EC-4AA7-9C29-B93C9798DF16": {
			"fileEncoding": "4",
			"isa": "PBXFileReference",
			"lastKnownFileType": "sourcecode.cpp.h",
			"name": "LogisticFnShader.h",
			"sourceTree": "<group>"
		},
		"4084C990-FB9F-498D-9A11-81ABEFBE0D99": {
			"fileEncoding": "4",
			"isa": "PBXFileReference",
			"lastKnownFileType": "sourcecode.cpp.h",
			"name": "ofxGuiGroup.h",
			"sourceTree": "<group>"
		},
		"419B159F-2BE1-47A2-92DA-3979042E7C75": {
			"fileEncoding": "4",
			"isa": "PBXFileReference",
			"lastKnownFileType": "sourcecode.cpp.h",
			"name": "AddRadialImpulseShader.h",
			"sourceTree": "<group>"
		},
		"469EFA77-D970-44AF-9D13-87624975FF8A": {
			"children": [
				"419B159F-2BE1-47A2-92DA-3979042E7C75",
				"74E756EB-4AB1-4C8B-A5FC-85E9D1C8BDE9",
				"4CBDE4B0-5A10-4E0B-81B0-46DBDE672FEF",
				"53DDDDDD-96CB-431D-9A6B-65B5406867C4",
				"B948C2C7-FE62-4D29-8F53-4FF093629971",
				"9A1039AB-54B3-4C3A-A856-25CC3EADA55B",
				"07888CC6-7634-4B33-A3F4-96DDB15471B5",
				"A4259237-340D-4FEF-9970-01CD3AC8CC2F",
				"A0774AA3-F9CB-4FE3-AE48-E473E685A968"
			],
			"isa": "PBXGroup",
			"name": "fluid",
			"path": "fluid",
			"sourceTree": "<group>"
		},
		"4A25EB16-BBFC-41B6-8E39-3DCD3DB5346D": {
			"fileRef": "F1BD75CD-AF32-4FE3-92B5-7A0D713182D7",
			"isa": "PBXBuildFile"
		},
		"4CBDE4B0-5A10-4E0B-81B0-46DBDE672FEF": {
			"fileEncoding": "4",
			"isa": "PBXFileReference",
			"lastKnownFileType": "sourcecode.cpp.h",
			"name": "ApplyBouyancyShader.h",
			"sourceTree": "<group>"
		},
		"4F5CE42D-F07B-4E20-ABC4-2A972431A7DF": {
			"fileEncoding": "4",
			"isa": "PBXFileReference",
			"lastKnownFileType": "sourcecode.cpp.cpp",
			"name": "ofxColorPicker.cpp",
			"sourceTree": "<group>"
		},
		"53DDDDDD-96CB-431D-9A6B-65B5406867C4": {
			"fileEncoding": "4",
			"isa": "PBXFileReference",
			"lastKnownFileType": "sourcecode.cpp.h",
			"name": "ApplyVorticityForceShader.h",
			"sourceTree": "<group>"
		},
		"54EE7AAB-9C9A-49BC-93F0-8F9F8B5174AF": {
			"fileEncoding": "4",
			"isa": "PBXFileReference",
			"lastKnownFileType": "sourcecode.cpp.cpp",
			"name": "ofxLabel.cpp",
			"sourceTree": "<group>"
		},
		"5F244462-A0C4-4304-94E9-2069C5BDD15C": {
			"fileEncoding": "4",
			"isa": "PBXFileReference",
			"lastKnownFileType": "sourcecode.cpp.cpp",
			"name": "ofxSliderGroup.cpp",
			"sourceTree": "<group>"
		},
		"66FE2BAC-E89E-4226-A59F-5026573B37D3": {
			"fileEncoding": "4",
			"isa": "PBXFileReference",
			"lastKnownFileType": "sourcecode.cpp.h",
			"name": "SmearShader.h",
			"sourceTree": "<group>"
		},
		"6809DFCF-B388-4A89-A81F-AEBEAFCABF34": {
			"fileEncoding": "4",
			"isa": "PBXFileReference",
			"lastKnownFileType": "sourcecode.cpp.h",
			"name": "UpdateShader.h",
			"sourceTree": "<group>"
		},
		"69130E8A-BAC8-470E-9C69-B73B0C8A7AE2": {
			"fileEncoding": "4",
			"isa": "PBXFileReference",
			"lastKnownFileType": "sourcecode.cpp.h",
			"name": "GaussianYBlurShader.h",
			"sourceTree": "<group>"
		},
		"69DA4074-6DEC-4161-BFA9-7F0832E82E2F": {
			"fileRef": "CE12F58C-4CC2-4194-A5F4-20A4DEE8AF83",
			"isa": "PBXBuildFile"
		},
		"6B298236-30D9-4BCA-9512-F3AA7D5FB71A": {
			"children": [
				"3A6AFBAA-C6B2-4187-A8F6-3E172989B381",
				"78E560AC-73EB-494F-9AFA-44073420E6BB"
			],
			"isa": "PBXGroup",
			"name": "effects",
			"path": "effects",
			"sourceTree": "<group>"
		},
		"74E756EB-4AB1-4C8B-A5FC-85E9D1C8BDE9": {
			"fileEncoding": "4",
			"isa": "PBXFileReference",
			"lastKnownFileType": "sourcecode.cpp.h",
			"name": "AdvectShader.h",
			"sourceTree": "<group>"
		},
		"78E560AC-73EB-494F-9AFA-44073420E6BB": {
			"fileEncoding": "4",
			"isa": "PBXFileReference",
			"lastKnownFileType": "sourcecode.cpp.h",
			"name": "TranslateEffect.h",
			"sourceTree": "<group>"
		},
		"79D61C5F-7E7B-43A5-B704-649DEC450875": {
			"fileEncoding": "4",
			"isa": "PBXFileReference",
			"lastKnownFileType": "sourcecode.cpp.h",
			"name": "ofxGui.h",
			"sourceTree": "<group>"
		},
		"7B333807-5F57-4FAB-8946-690A841F82C5": {
			"fileEncoding": "4",
			"isa": "PBXFileReference",
			"lastKnownFileType": "sourcecode.cpp.h",
			"name": "ofxSlider.h",
			"sourceTree": "<group>"
		},
		"805FD579-A79A-423C-A7DE-3B2345C56E57": {
			"fileEncoding": "4",
			"isa": "PBXFileReference",
			"lastKnownFileType": "sourcecode.cpp.cpp",
			"name": "ofxButton.cpp",
			"sourceTree": "<group>"
		},
		"825CC05C-72C0-4D6D-9497-0C8F9FADE7BA": {
			"fileEncoding": "4",
			"isa": "PBXFileReference",
			"lastKnownFileType": "sourcecode.cpp.h",
			"name": "ofxSliderGroup.h",
			"sourceTree": "<group>"
		},
		"85C50E5A-5561-46F4-9987-FF6FA84FB99F": {
			"fileRef": "C71A9763-94CE-4851-8A97-B2286A4FEA76",
			"isa": "PBXBuildFile"
		},
		"865E1007-4B48-48FC-84A7-39B9E5AC007B": {
			"fileEncoding": "4",
			"isa": "PBXFileReference",
			"lastKnownFileType": "sourcecode.cpp.h",
			"name": "Shader.h",
			"sourceTree": "<group>"
		},
		"8873FE36-D959-42B0-9697-E33F09C14798": {
			"fileRef": "BDC2BE64-5634-4B79-A450-A1729CB06B11",
			"isa": "PBXBuildFile"
		},
		"888E15BB-22A6-439F-B0A8-B394D2EA7D6E": {
			"fileEncoding": "4",
			"isa": "PBXFileReference",
			"lastKnownFileType": "sourcecode.cpp.h",
			"name": "Constants.h",
			"sourceTree": "<group>"
		},
		"8CBE7EB0-FA0C-48A0-BF62-19A163C4F0E4": {
			"fileRef": "5F244462-A0C4-4304-94E9-2069C5BDD15C",
			"isa": "PBXBuildFile"
		},
		"8E111774-7BB7-424A-B9EF-5966A8204E52": {
			"fileEncoding": "4",
			"isa": "PBXFileReference",
			"lastKnownFileType": "sourcecode.cpp.h",
			"name": "AddTextureShader.h",
			"sourceTree": "<group>"
		},
		"93DDE6E2-C427-4F16-971B-30B5DBAB84F4": {
			"children": [
				"E02074A2-83E5-430E-A373-5A3B1868CD01"
			],
			"isa": "PBXGroup",
			"name": "ofxParticleField",
			"path": "ofxParticleField",
			"sourceTree": "<group>"
		},
		"9A1039AB-54B3-4C3A-A856-25CC3EADA55B": {
			"fileEncoding": "4",
			"isa": "PBXFileReference",
			"lastKnownFileType": "sourcecode.cpp.h",
			"name": "FluidSimulation.h",
			"sourceTree": "<group>"
		},
		"9AE99639-E049-46B0-8A1E-437D820A6BBE": {
			"fileEncoding": "4",
			"isa": "PBXFileReference",
			"lastKnownFileType": "sourcecode.cpp.h",
			"name": "TonemapShader.h",
			"sourceTree": "<group>"
		},
		"A0774AA3-F9CB-4FE3-AE48-E473E685A968": {
			"fileEncoding": "4",
			"isa": "PBXFileReference",
			"lastKnownFileType": "sourcecode.cpp.h",
			"name": "VorticityRenderer.h",
			"sourceTree": "<group>"
		},
		"A1A94C43-AAE7-45BE-AF93-B0C8B63B12C9": {
			"fileEncoding": "4",
			"isa": "PBXFileReference",
			"lastKnownFileType": "sourcecode.cpp.h",
			"name": "MaskShader.h",
			"sourceTree": "<group>"
		},
		"A4259237-340D-4FEF-9970-01CD3AC8CC2F": {
			"fileEncoding": "4",
			"isa": "PBXFileReference",
			"lastKnownFileType": "sourcecode.cpp.h",
			"name": "SubtractDivergenceShader.h",
			"sourceTree": "<group>"
		},
		"ACE66464-76DE-4E2C-A1EE-CE68F1FA1D7F": {
			"fileRef": "4F5CE42D-F07B-4E20-ABC4-2A972431A7DF",
			"isa": "PBXBuildFile"
		},
		"ADA90AFA-9FDF-4A1D-B824-F459767BCC57": {
			"fileEncoding": "4",
			"isa": "PBXFileReference",
			"lastKnownFileType": "sourcecode.cpp.h",
			"name": "PingPongRenderer.h",
			"sourceTree": "<group>"
		},
		"AFE52D0F-00F2-4204-AE3E-220832B796B1": {
			"fileRef": "805FD579-A79A-423C-A7DE-3B2345C56E57",
			"isa": "PBXBuildFile"
		},
		"B0A0F17F-6262-4CCD-AD73-D1BE3608B00A": {
			"fileEncoding": "4",
			"isa": "PBXFileReference",
			"lastKnownFileType": "sourcecode.cpp.h",
			"name": "ofxColorPicker.h",
			"sourceTree": "<group>"
		},
		"B5062FA6-50C9-4B69-8112-9BAA17D7D325": {
			"fileEncoding": "4",
			"isa": "PBXFileReference",
			"lastKnownFileType": "sourcecode.cpp.h",
			"name": "InitShader.h",
			"sourceTree": "<group>"
		},
		"B584D053-4BC4-4A73-9AFE-CB3722C3012A": {
			"fileEncoding": "4",
			"isa": "PBXFileReference",
			"lastKnownFileType": "sourcecode.cpp.h",
			"name": "PingPongFbo.h",
			"sourceTree": "<group>"
		},
		"B60D4A2D-6DD6-4728-8B5A-DD67DFC70F26": {
			"fileRef": "B75D74DA-9BFF-49EE-9C1A-FE323C9A9B57",
			"isa": "PBXBuildFile"
		},
		"B75D74DA-9BFF-49EE-9C1A-FE323C9A9B57": {
			"fileEncoding": "4",
			"isa": "PBXFileReference",
			"lastKnownFileType": "sourcecode.cpp.cpp",
			"name": "ParticleField.cpp",
			"sourceTree": "<group>"
		},
		"B948C2C7-FE62-4D29-8F53-4FF093629971": {
			"fileEncoding": "4",
			"isa": "PBXFileReference",
			"lastKnownFileType": "sourcecode.cpp.h",
			"name": "DivergenceRenderer.h",
			"sourceTree": "<group>"
		},
		"BB4B014C10F69532006C3DED": {
			"children": [
				"DAED3D17-C42C-43FB-A364-BA5851397F70",
				"93DDE6E2-C427-4F16-971B-30B5DBAB84F4",
				"31F1E8B0-297E-4EC2-B847-631C2073E880"
			],
			"isa": "PBXGroup",
			"name": "addons",
			"path": "../../../addons",
			"sourceTree": "SOURCE_ROOT"
		},
		"BBC59E73-077D-45EA-9F41-7F56DECCFEBF": {
			"children": [
				"BDC2BE64-5634-4B79-A450-A1729CB06B11",
				"00C74163-6EC8-4B50-AC19-1BC5B6E8AF38",
				"805FD579-A79A-423C-A7DE-3B2345C56E57",
				"2B523E52-1BC2-49CC-A97D-A8B4BFDFCB93",
				"4F5CE42D-F07B-4E20-ABC4-2A972431A7DF",
				"B0A0F17F-6262-4CCD-AD73-D1BE3608B00A",
				"79D61C5F-7E7B-43A5-B704-649DEC450875",
				"FA11EF96-0DC4-45DF-9DAC-E658C9CEDE67",
				"4084C990-FB9F-498D-9A11-81ABEFBE0D99",
				"DD90BC77-C771-423C-B9C0-1AE2FA350150",
				"F1BD75CD-AF32-4FE3-92B5-7A0D713182D7",
				"F40897A0-6691-40F0-B4F2-87489EA0FC55",
				"54EE7AAB-9C9A-49BC-93F0-8F9F8B5174AF",
				"3B079FBC-6F59-4ED5-80FA-12A98E528223",
				"C71A9763-94CE-4851-8A97-B2286A4FEA76",
				"DA5CBA40-03A3-4900-9CA3-705569C93E6F",
				"CE12F58C-4CC2-4194-A5F4-20A4DEE8AF83",
				"7B333807-5F57-4FAB-8946-690A841F82C5",
				"5F244462-A0C4-4304-94E9-2069C5BDD15C",
				"825CC05C-72C0-4D6D-9497-0C8F9FADE7BA",
				"0F60B00E-2D81-4BBF-B133-B61D073CBD35",
				"D60F3185-5BB0-4361-A5DB-38CC4AB08099"
			],
			"isa": "PBXGroup",
			"name": "src",
			"path": "src",
			"sourceTree": "<group>"
		},
		"BDC2BE64-5634-4B79-A450-A1729CB06B11": {
			"fileEncoding": "4",
			"isa": "PBXFileReference",
			"lastKnownFileType": "sourcecode.cpp.cpp",
			"name": "ofxBaseGui.cpp",
			"sourceTree": "<group>"
		},
		"BE049A2C-AD78-4C34-9F5F-5C90B2B25E3C": {
			"fileEncoding": "4",
			"isa": "PBXFileReference",
			"lastKnownFileType": "sourcecode.cpp.h",
			"name": "Renderer.h",
			"sourceTree": "<group>"
		},
		"C71A9763-94CE-4851-8A97-B2286A4FEA76": {
			"fileEncoding": "4",
			"isa": "PBXFileReference",
			"lastKnownFileType": "sourcecode.cpp.cpp",
			"name": "ofxPanel.cpp",
			"sourceTree": "<group>"
		},
		"C73EA850-DF0D-49A2-B3C0-766772CDE5B3": {
			"fileEncoding": "4",
			"isa": "PBXFileReference",
			"lastKnownFileType": "sourcecode.cpp.h",
			"name": "GaussianXBlurShader.h",
			"sourceTree": "<group>"
		},
		"CE12F58C-4CC2-4194-A5F4-20A4DEE8AF83": {
			"fileEncoding": "4",
			"isa": "PBXFileReference",
			"lastKnownFileType": "sourcecode.cpp.cpp",
			"name": "ofxSlider.cpp",
			"sourceTree": "<group>"
		},
		"CF5B7CE0-7D6E-43B1-A784-A1B26EDB5277": {
			"children": [
				"8E111774-7BB7-424A-B9EF-5966A8204E52",
				"FE9FA69B-7743-4D03-8CB7-30239DEC82CE",
				"C73EA850-DF0D-49A2-B3C0-766772CDE5B3",
				"69130E8A-BAC8-470E-9C69-B73B0C8A7AE2",
				"3FA031F1-97EC-4AA7-9C29-B93C9798DF16",
				"A1A94C43-AAE7-45BE-AF93-B0C8B63B12C9",
				"EF231475-3A9C-4163-B3BC-0C0F4237D65A",
				"D588F704-D8A9-4540-AB05-3D9E8000C15D",
				"66FE2BAC-E89E-4226-A59F-5026573B37D3",
				"32C405C7-FE42-48DB-9727-5A6B7E4C2561",
				"06D5788F-A7BC-42B5-9B0F-8756E0C2C4E3",
				"9AE99639-E049-46B0-8A1E-437D820A6BBE"
			],
			"isa": "PBXGroup",
			"name": "shaders",
			"path": "shaders",
			"sourceTree": "<group>"
		},
		"D588F704-D8A9-4540-AB05-3D9E8000C15D": {
			"fileEncoding": "4",
			"isa": "PBXFileReference",
			"lastKnownFileType": "sourcecode.cpp.h",
			"name": "RefractiveRectangleShader.h",
			"sourceTree": "<group>"
		},
		"D60F3185-5BB0-4361-A5DB-38CC4AB08099": {
			"fileEncoding": "4",
			"isa": "PBXFileReference",
			"lastKnownFileType": "sourcecode.cpp.h",
			"name": "ofxToggle.h",
			"sourceTree": "<group>"
		},
		"D834D21A-3606-4C48-BFEB-7DB236E6CD60": {
			"children": [
				"D93F5097-09C0-4DF2-94A4-EFBAF7FCD45C",
				"F1C25917-CAA6-4314-BF3B-63F9D70749E3",
				"B584D053-4BC4-4A73-9AFE-CB3722C3012A",
				"ADA90AFA-9FDF-4A1D-B824-F459767BCC57",
				"BE049A2C-AD78-4C34-9F5F-5C90B2B25E3C",
				"865E1007-4B48-48FC-84A7-39B9E5AC007B",
				"1135946B-FC1D-4F40-8628-8E49C741A355",
				"6B298236-30D9-4BCA-9512-F3AA7D5FB71A",
				"469EFA77-D970-44AF-9D13-87624975FF8A",
				"CF5B7CE0-7D6E-43B1-A784-A1B26EDB5277"
			],
			"isa": "PBXGroup",
			"name": "src",
			"path": "src",
			"sourceTree": "<group>"
		},
		"D93F5097-09C0-4DF2-94A4-EFBAF7FCD45C": {
			"fileEncoding": "4",
			"isa": "PBXFileReference",
			"lastKnownFileType": "sourcecode.cpp.h",
			"name": "Effect.h",
			"sourceTree": "<group>"
		},
		"DA5CBA40-03A3-4900-9CA3-705569C93E6F": {
			"fileEncoding": "4",
			"isa": "PBXFileReference",
			"lastKnownFileType": "sourcecode.cpp.h",
			"name": "ofxPanel.h",
			"sourceTree": "<group>"
		},
		"DAED3D17-C42C-43FB-A364-BA5851397F70": {
			"children": [
				"BBC59E73-077D-45EA-9F41-7F56DECCFEBF"
			],
			"isa": "PBXGroup",
			"name": "ofxGui",
			"path": "ofxGui",
			"sourceTree": "<group>"
		},
		"DCF4271F-D5C0-4993-A416-BC2F22D67052": {
			"fileRef": "54EE7AAB-9C9A-49BC-93F0-8F9F8B5174AF",
			"isa": "PBXBuildFile"
		},
		"DD90BC77-C771-423C-B9C0-1AE2FA350150": {
			"fileEncoding": "4",
			"isa": "PBXFileReference",
			"lastKnownFileType": "sourcecode.cpp.h",
			"name": "ofxGuiUtils.h",
			"sourceTree": "<group>"
		},
		"E02074A2-83E5-430E-A373-5A3B1868CD01": {
			"children": [
				"888E15BB-22A6-439F-B0A8-B394D2EA7D6E",
				"2DB35EDF-BAD6-4528-B131-EE96BE132238",
				"B5062FA6-50C9-4B69-8112-9BAA17D7D325",
				"B75D74DA-9BFF-49EE-9C1A-FE323C9A9B57",
				"E57F534F-9DB2-4779-8B3B-1089E84009EE",
				"6809DFCF-B388-4A89-A81F-AEBEAFCABF34",
				"3AE1BA35-1A58-465F-A272-CE145401917E"
			],
			"isa": "PBXGroup",
			"name": "src",
			"path": "src",
			"sourceTree": "<group>"
		},
		"E42962A92163ECCD00A6A9E2": {
			"alwaysOutOfDate": "1",
			"buildActionMask": "2147483647",
			"files": [],
			"inputPaths": [],
			"isa": "PBXShellScriptBuildPhase",
			"name": "Run Script — Compile OF",
			"outputPaths": [],
			"runOnlyForDeploymentPostprocessing": "0",
			"shellPath": "/bin/sh",
			"shellScript": "$OF_CORE_BUILD_COMMAND\n",
			"showEnvVarsInLog": "0"
		},
		"E4A5B60F29BAAAE400C2D356": {
			"buildActionMask": "2147483647",
			"dstPath": "",
			"dstSubfolderSpec": "6",
			"files": [],
			"isa": "PBXCopyFilesBuildPhase",
			"runOnlyForDeploymentPostprocessing": "0"
		},
		"E4B69B4A0A3A1720003C02F2": {
			"children": [
				"191CD6FA2847E21E0085CBB6",
				"E4B6FCAD0C3E899E008CF71C",
				"E4EB6923138AFD0F00A09F29",
				"E4B69E1C0A3A1BDC003C02F2",
				"191EF70929D778A400F35F26",
				"BB4B014C10F69532006C3DED",
				"E4B69B5B0A3A1756003C02F2",
				"FD35078D-57B8-4CE4-ABEE-C5BB08D1FCE7"
			],
			"isa": "PBXGroup",
			"sourceTree": "<group>"
		},
		"E4B69B4C0A3A1720003C02F2": {
			"attributes": {
				"BuildIndependentTargetsInParallel": "YES",
				"LastUpgradeCheck": "1540"
			},
			"buildConfigurationList": "E4B69B4D0A3A1720003C02F2",
			"compatibilityVersion": "Xcode 3.2",
			"developmentRegion": "en",
			"hasScannedForEncodings": "0",
			"isa": "PBXProject",
			"knownRegions": [
				"en",
				"Base"
			],
			"mainGroup": "E4B69B4A0A3A1720003C02F2",
			"productRefGroup": "E4B69B4A0A3A1720003C02F2",
			"projectDirPath": "",
			"projectRoot": "",
			"targets": [
				"E4B69B5A0A3A1756003C02F2"
			]
		},
		"E4B69B4D0A3A1720003C02F2": {
			"buildConfigurations": [
				"E4B69B4E0A3A1720003C02F2",
				"E4B69B4F0A3A1720003C02F2"
			],
			"defaultConfigurationIsVisible": "0",
			"defaultConfigurationName": "Release",
			"isa": "XCConfigurationList"
		},
		"E4B69B4E0A3A1720003C02F2": {
			"baseConfigurationReference": "E4EB6923138AFD0F00A09F29",
			"buildSettings": {
				"CODE_SIGN_ENTITLEMENTS": "of.entitlements",
				"COPY_PHASE_STRIP": "NO",
				"ENABLE_TESTABILITY": "YES",
				"GCC_OPTIMIZATION_LEVEL": "0",
				"GCC_WARN_UNUSED_VARIABLE": "NO",
				"HEADER_SEARCH_PATHS": [
					"$(OF_CORE_HEADERS)",
					"src"
				],
				"OTHER_CPLUSPLUSFLAGS": "-D__MACOSX_CORE__"
			},
			"isa": "XCBuildConfiguration",
			"name": "Debug"
		},
		"E4B69B4F0A3A1720003C02F2": {
			"baseConfigurationReference": "E4EB6923138AFD0F00A09F29",
			"buildSettings": {
				"CODE_SIGN_ENTITLEMENTS": "of.entitlements",
				"COPY_PHASE_STRIP": "YES",
				"GCC_OPTIMIZATION_LEVEL": "3",
				"GCC_UNROLL_LOOPS": "YES",
				"HEADER_SEARCH_PATHS": [
					"$(OF_CORE_HEADERS)",
					"src"
				],
				"OTHER_CPLUSPLUSFLAGS": "-D__MACOSX_CORE__"
			},
			"isa": "XCBuildConfiguration",
			"name": "Release"
		},
		"E4B69B580A3A1756003C02F2": {
			"buildActionMask": "2147483647",
			"files": [
				"E4B69E200A3A1BDC003C02F2",
				"E4B69E210A3A1BDC003C02F2",
				"8873FE36-D959-42B0-9697-E33F09C14798",
				"AFE52D0F-00F2-4204-AE3E-220832B796B1",
				"ACE66464-76DE-4E2C-A1EE-CE68F1FA1D7F",
				"2453861D-2C33-4D07-A38E-BF2BEAD72D7D",
				"4A25EB16-BBFC-41B6-8E39-3DCD3DB5346D",
				"DCF4271F-D5C0-4993-A416-BC2F22D67052",
				"85C50E5A-5561-46F4-9987-FF6FA84FB99F",
				"69DA4074-6DEC-4161-BFA9-7F0832E82E2F",
				"8CBE7EB0-FA0C-48A0-BF62-19A163C4F0E4",
				"3D2B7EBA-4C9A-4EEB-BEEC-8263D9641207",
				"B60D4A2D-6DD6-4728-8B5A-DD67DFC70F26"
			],
			"isa": "PBXSourcesBuildPhase",
			"runOnlyForDeploymentPostprocessing": "0"
		},
		"E4B69B590A3A1756003C02F2": {
			"buildActionMask": "2147483647",
			"files": [],
			"isa": "PBXFrameworksBuildPhase",
			"runOnlyForDeploymentPostprocessing": "0"
		},
		"E4B69B5A0A3A1756003C02F2": {
			"buildConfigurationList": "E4B69B5F0A3A1757003C02F2",
			"buildPhases": [
				"E42962A92163ECCD00A6A9E2",
				"E4B69B580A3A1756003C02F2",
				"E4B69B590A3A1756003C02F2",
				"E4C2427710CC5ABF004149E2",
				"E4A5B60F29BAAAE400C2D356",
				"19B789C429E5AB4A0082E9B8"
			],
			"buildRules": [],
			"dependencies": [],
			"isa": "PBXNativeTarget",
			"name": "example_noise",
			"productName": "myOFApp",
			"productReference": "E4B69B5B0A3A1756003C02F2",
			"productType": "com.apple.product-type.application"
		},
		"E4B69B5B0A3A1756003C02F2": {
			"explicitFileType": "wrapper.application",
			"includeInIndex": "0",
			"isa": "PBXFileReference",
			"path": "example_noiseDebug.app",
			"sourceTree": "BUILT_PRODUCTS_DIR"
		},
		"E4B69B5F0A3A1757003C02F2": {
			"buildConfigurations": [
				"E4B69B600A3A1757003C02F2",
				"E4B69B610A3A1757003C02F2"
			],
			"defaultConfigurationIsVisible": "0",
			"defaultConfigurationName": "Release",
			"isa": "XCConfigurationList"
		},
		"E4B69B600A3A1757003C02F2": {
			"baseConfigurationReference": "E4EB6923138AFD0F00A09F29",
			"buildSettings": {
				"ARCHS": "$(ARCHS_STANDARD)",
				"COPY_PHASE_STRIP": "NO",
				"FRAMEWORK_SEARCH_PATHS": "$(inherited)",
				"GCC_DYNAMIC_NO_PIC": "NO",
				"HEADER_SEARCH_PATHS": [
					"$(OF_CORE_HEADERS)",
					"src",
					"src",
					"../../ofxGui/src",
					"../src",
					"../../ofxRenderer/src",
					"../../ofxRenderer/src/effects",
					"../../ofxRenderer/src/fluid",
					"../../ofxRenderer/src/shaders"
				],
				"LIBRARY_SEARCH_PATHS": "$(inherited)",
				"OTHER_LDFLAGS": [
					"$(OF_CORE_LIBS)",
					"$(OF_CORE_FRAMEWORKS)",
					"$(LIB_OF_DEBUG)"
				]
			},
			"isa": "XCBuildConfiguration",
			"name": "Debug"
		},
		"E4B69B610A3A1757003C02F2": {
			"baseConfigurationReference": "E4EB6923138AFD0F00A09F29",
			"buildSettings": {
				"ARCHS": "$(ARCHS_STANDARD)",
				"COPY_PHASE_STRIP": "YES",
				"FRAMEWORK_SEARCH_PATHS": "$(inherited)",
				"HEADER_SEARCH_PATHS": [
					"$(OF_CORE_HEADERS)",
					"src",
					"src",
					"../../ofxGui/src",
					"../src",
					"../../ofxRenderer/src",
					"../../ofxRenderer/src/effects",
					"../../ofxRenderer/src/fluid",
					"../../ofxRenderer/src/shaders"
				],
				"LIBRARY_SEARCH_PATHS": "$(inherited)",
				"OTHER_LDFLAGS": [
					"$(OF_CORE_LIBS)",
					"$(OF_CORE_FRAMEWORKS)",
					"$(LIB_OF_RELEASE)"
				],
				"baseConfigurationReference": "E4EB6923138AFD0F00A09F29"
			},
			"isa": "XCBuildConfiguration",
			"name": "Release"
		},
		"E4B69E1C0A3A1BDC003C02F2": {
			"children": [
				"E4B69E1D0A3A1BDC003C02F2",
				"E4B69E1E0A3A1BDC003C02F2",
				"E4B69E1F0A3A1BDC003C02F2"
			],
			"isa": "PBXGroup",
			"path": "src",
			"sourceTree": "SOURCE_ROOT"
		},
		"E4B69E1D0A3A1BDC003C02F2": {
			"fileEncoding": "4",
			"isa": "PBXFileReference",
			"lastKnownFileType": "sourcecode.cpp.cpp",
			"name": "main.cpp",
			"path": "src/main.cpp",
			"sourceTree": "SOURCE_ROOT"
		},
		"E4B69E1E0A3A1BDC003C02F2": {
			"explicitFileType": "sourcecode.cpp.cpp",
			"fileEncoding": "4",
			"isa": "PBXFileReference",
			"name": "ofApp.cpp",
			"path": "src/ofApp.cpp",
			"sourceTree": "SOURCE_ROOT"
		},
		"E4B69E1F0A3A1BDC003C02F2": {
			"fileEncoding": "4",
			"isa": "PBXFileReference",
			"lastKnownFileType": "sourcecode.c.h",
			"name": "ofApp.h",
			"path": "src/ofApp.h",
			"sourceTree": "SOURCE_ROOT"
		},
		"E4B69E200A3A1BDC003C02F2": {
			"fileRef": "E4B69E1D0A3A1BDC003C02F2",
			"isa": "PBXBuildFile"
		},
		"E4B69E210A3A1BDC003C02F2": {
			"fileRef": "E4B69E1E0A3A1BDC003C02F2",
			"isa": "PBXBuildFile"
		},
		"E4B6FCAD0C3E899E008CF71C": {
			"fileEncoding": "4",
			"isa": "PBXFileReference",
			"lastKnownFileType": "text.plist.xml",
			"path": "openFrameworks-Info.plist",
			"sourceTree": "<group>"
		},
		"E4C2427710CC5ABF004149E2": {
			"buildActionMask": "2147483647",
			"dstPath": "",
			"dstSubfolderSpec": "10",
			"files": [],
			"isa": "PBXCopyFilesBuildPhase",
			"runOnlyForDeploymentPostprocessing": "0"
		},
		"E4EB6923138AFD0F00A09F29": {
			"fileEncoding": "4",
			"isa": "PBXFileReference",
			"lastKnownFileType": "text.xcconfig",
			"path": "Project.xcconfig",
			"sourceTree": "<group>"
		},
		"E57F534F-9DB2-4779-8B3B-1089E84009EE": {
			"fileEncoding": "4",
			"isa": "PBXFileReference",
			"lastKnownFileType": "sourcecode.cpp.h",
			"name": "ParticleField.h",
			"sourceTree": "<group>"
		},
		"EF231475-3A9C-4163-B3BC-0C0F4237D65A": {
			"fileEncoding": "4",
			"isa": "PBXFileReference",
			"lastKnownFileType": "sourcecode.cpp.h",
			"name": "OpticalFlowShader.h",
			"sourceTree": "<group>"
		},
		"F1BD75CD-AF32-4FE3-92B5-7A0D713182D7": {
			"fileEncoding": "4",
			"isa": "PBXFileReference",
			"lastKnownFileType": "sourcecode.cpp.cpp",
			"name": "ofxInputField.cpp",
			"sourceTree": "<group>"
		},
		"F1C25917-CAA6-4314-BF3B-63F9D70749E3": {
			"fileEncoding": "4",
			"isa": "PBXFileReference",
			"lastKnownFileType": "sourcecode.cpp.h",
			"name": "OpenGLTimer.h",
			"sourceTree": "<group>"
		},
		"F40897A0-6691-40F0-B4F2-87489EA0FC55": {
			"fileEncoding": "4",
			"isa": "PBXFileReference",
			"lastKnownFileType": "sourcecode.cpp.h",
			"name": "ofxInputField.h",
			"sourceTree": "<group>"
		},
		"FA11EF96-0DC4-45DF-9DAC-E658C9CEDE67": {
			"fileEncoding": "4",
			"isa": "PBXFileReference",
			"lastKnownFileType": "sourcecode.cpp.cpp",
			"name": "ofxGuiGroup.cpp",
			"sourceTree": "<group>"
		},
		"FD35078D-57B8-4CE4-ABEE-C5BB08D1FCE7": {
			"fileEncoding": "4",
			"isa": "PBXFileReference",
			"lastKnownFileType": "folder",
			"name": "data",
			"path": "bin/data",
			"sourceTree": "SOURCE_ROOT"
		},
		"FE9FA69B-7743-4D03-8CB7-30239DEC82CE": {
			"fileEncoding": "4",
			"isa": "PBXFileReference",
			"lastKnownFileType": "sourcecode.cpp.h",
			"name": "ClampShader.h",
			"sourceTree": "<group>"
		}
	},
	"rootObject": "E4B69B4C0A3A1720003C02F2"
}