{
	"_OFProjectGeneratorVersion": "0.104.0",
	"archiveVersion": "1",
	"classes": {},
	"objectVersion": "54",
	"objects": {
		"043B1F75-0618-4692-87F9-DA49D30EA9EC": {
			"fileEncoding": "4",
			"isa": "PBXFileReference",
			"lastKnownFileType": "sourcecode.cpp.h",
			"name": "ofxGui.h",
			"sourceTree": "<group>"
		},
		"064B589A-8607-41FC-814F-2176911FC9A4": {
			"fileEncoding": "4",
			"isa": "PBXFileReference",
			"lastKnownFileType": "sourcecode.cpp.h",
			"name": "GaussianYBlurShader.h",
			"sourceTree": "<group>"
		},
		"06637CF8-5DD4-4767-905E-75B4E494E897": {
			"children": [
				"0BD34444-83B6-4EA8-BCB1-DF0B30B8467A",
				"45776D1D-D718-4B30-B5B1-08B9FF2BC405",
				"5075269C-BEFA-4E6A-8C3D-CFEB7A38D168",
				"B40FABDD-A778-49FE-AB20-4C3934E4F9B5",
				"DB858B2D-0224-4048-9D92-C29F255F9231",
				"08951F89-4487-4327-8E2D-3020BF71B438",
				"043B1F75-0618-4692-87F9-DA49D30EA9EC",
				"AB477F97-3E9C-46D1-8DD4-1318EE678744",
				"F62ABA9A-B62F-4D0F-AABF-348BB031CAB6",
				"5DEC5860-19B9-4821-A207-6433D0F731A2",
				"D1989823-786A-4C38-BF6E-2538C4D23B36",
				"66ACC1AD-6570-4467-B829-9551053A684B",
				"4587C377-F9A0-4D70-8CF6-31AA46A4C860",
				"E1A4C1C0-631F-4D15-B6DD-4984C1FE0C96",
				"BF7D90D1-A616-4E31-84B0-215BCEB2567F",
				"8FB5D663-AE95-4DFE-A796-BB1D9B68A25F",
				"DBF86517-47CD-44AC-8D79-3008FD88DB25",
				"9820E273-8898-4198-8D43-E3A3E9247926",
				"D0AB8DE0-42F1-484D-BB85-211688D3062F",
				"E9467190-4018-474C-AE19-75A958CABE03",
				"24DC86C5-0385-49A2-A0E7-C60F05E76427",
				"B76CADFC-88A2-49B3-A105-231E0B66023F"
			],
			"isa": "PBXGroup",
			"name": "src",
			"path": "src",
			"sourceTree": "<group>"
		},
		"076C6A99-1594-4F8B-AA69-8EC13DBABA29": {
			"fileEncoding": "4",
			"isa": "PBXFileReference",
			"lastKnownFileType": "sourcecode.cpp.h",
			"name": "FadeEffect.h",
			"sourceTree": "<group>"
		},
		"0868C1EA-9236-40E4-883C-177C225E65A7": {
			"fileEncoding": "4",
			"isa": "PBXFileReference",
			"lastKnownFileType": "sourcecode.cpp.h",
			"name": "AddTextureShader.h",
			"sourceTree": "<group>"
		},
		"08951F89-4487-4327-8E2D-3020BF71B438": {
			"fileEncoding": "4",
			"isa": "PBXFileReference",
			"lastKnownFileType": "sourcecode.cpp.h",
			"name": "ofxColorPicker.h",
			"sourceTree": "<group>"
		},
		"0AF50F5F-69C6-4713-88BA-3CDA730BBF5B": {
			"fileEncoding": "4",
			"isa": "PBXFileReference",
			"lastKnownFileType": "sourcecode.cpp.h",
			"name": "ParticleField.h",
			"sourceTree": "<group>"
		},
		"0B88E456-DD05-483D-86DD-DB91C03F4E07": {
			"children": [
				"F2061D4C-8B61-40D4-B18B-47429510E05D",
				"196EF0D9-194E-4392-B44C-147D80A8C351",
				"771A2D69-0FAA-46D7-BA63-E69F02235C95",
				"7731F530-D26D-4BBF-8158-A57EB300E291",
				"0AF50F5F-69C6-4713-88BA-3CDA730BBF5B",
				"13DDEC20-4DAA-48CB-B684-7311125864B0",
				"25999610-7840-4250-B538-7EB91C5CE802"
			],
			"isa": "PBXGroup",
			"name": "src",
			"path": "src",
			"sourceTree": "<group>"
		},
		"0BD34444-83B6-4EA8-BCB1-DF0B30B8467A": {
			"fileEncoding": "4",
			"isa": "PBXFileReference",
			"lastKnownFileType": "sourcecode.cpp.cpp",
			"name": "ofxBaseGui.cpp",
			"sourceTree": "<group>"
		},
		"0D3DF8D7-DF4C-402C-9550-FAFF03419DD5": {
			"fileEncoding": "4",
			"isa": "PBXFileReference",
			"lastKnownFileType": "sourcecode.cpp.h",
			"name": "FluidSimulation.h",
			"sourceTree": "<group>"
		},
		"0EDE2F53-DA55-4BAD-A812-5B4262E1E85B": {
			"children": [
				"06637CF8-5DD4-4767-905E-75B4E494E897"
			],
			"isa": "PBXGroup",
			"name": "ofxGui",
			"path": "ofxGui",
			"sourceTree": "<group>"
		},
		"13DDEC20-4DAA-48CB-B684-7311125864B0": {
			"fileEncoding": "4",
			"isa": "PBXFileReference",
			"lastKnownFileType": "sourcecode.cpp.h",
			"name": "UpdateShader.h",
			"sourceTree": "<group>"
		},
		"18930A56-5BD2-439A-A2F1-39D4B9FCB850": {
			"fileEncoding": "4",
			"isa": "PBXFileReference",
			"lastKnownFileType": "sourcecode.cpp.h",
			"name": "VorticityRenderer.h",
			"sourceTree": "<group>"
		},
		"191CD6FA2847E21E0085CBB6": {
			"fileEncoding": "4",
			"isa": "PBXFileReference",
			"lastKnownFileType": "text.plist.entitlements",
			"path": "of.entitlements",
			"sourceTree": "<group>"
		},
		"191EF70929D778A400F35F26": {
			"isa": "PBXFileReference",
			"lastKnownFileType": "folder",
			"name": "openFrameworks",
			"path": "../../../libs/openFrameworks",
			"sourceTree": "SOURCE_ROOT"
		},
		"196EF0D9-194E-4392-B44C-147D80A8C351": {
			"fileEncoding": "4",
			"isa": "PBXFileReference",
			"lastKnownFileType": "sourcecode.cpp.h",
			"name": "DrawShader.h",
			"sourceTree": "<group>"
		},
		"19B789C429E5AB4A0082E9B8": {
			"alwaysOutOfDate": "1",
			"buildActionMask": "2147483647",
			"files": [],
			"inputFileListPaths": [],
			"inputPaths": [],
			"isa": "PBXShellScriptBuildPhase",
			"outputFileListPaths": [],
			"outputPaths": [],
			"runOnlyForDeploymentPostprocessing": "0",
			"shellPath": "/bin/sh",
			"shellScript": "\"$OF_PATH/scripts/osx/xcode_project.sh\"\n",
			"showEnvVarsInLog": "0"
		},
		"24DC86C5-0385-49A2-A0E7-C60F05E76427": {
			"fileEncoding": "4",
			"isa": "PBXFileReference",
			"lastKnownFileType": "sourcecode.cpp.cpp",
			"name": "ofxToggle.cpp",
			"sourceTree": "<group>"
		},
		"2512CE45-01B7-4E21-BC14-21E27D6DD2DB": {
			"fileEncoding": "4",
			"isa": "PBXFileReference",
			"lastKnownFileType": "sourcecode.cpp.h",
			"name": "DivergenceRenderer.h",
			"sourceTree": "<group>"
		},
		"25999610-7840-4250-B538-7EB91C5CE802": {
			"fileEncoding": "4",
			"isa": "PBXFileReference",
			"lastKnownFileType": "sourcecode.cpp.h",
			"name": "ofxParticleField.h",
			"sourceTree": "<group>"
		},
		"2956506C-0F88-4E6E-8C91-F3E41943A8D4": {
			"fileRef": "0BD34444-83B6-4EA8-BCB1-DF0B30B8467A",
			"isa": "PBXBuildFile"
		},
		"30BDEDD4-B676-4196-BD5B-AD3778108007": {
			"fileEncoding": "4",
			"isa": "PBXFileReference",
			"lastKnownFileType": "sourcecode.cpp.h",
			"name": "LogisticFnShader.h",
			"sourceTree": "<group>"
		},
		"31FF4DA1-1BC7-4F6E-B870-B06851EA4C0C": {
			"fileEncoding": "4",
			"isa": "PBXFileReference",
			"lastKnownFileType": "sourcecode.cpp.h",
			"name": "TonemapShader.h",
			"sourceTree": "<group>"
		},
		"36F03887-263A-4E07-B0AC-C59A17BC1502": {
			"children": [
				"FFB4D44A-5B2B-4B04-ADC9-1F9B6B4FF7CB"
			],
			"isa": "PBXGroup",
			"name": "ofxRenderer",
			"path": "ofxRenderer",
			"sourceTree": "<group>"
		},
		"37943EBD-6043-4B4D-ABDF-08527DF66EE8": {
			"fileRef": "D0AB8DE0-42F1-484D-BB85-211688D3062F",
			"isa": "PBXBuildFile"
		},
		"3B086D2E-34F8-4EB5-8849-5154AE86F33A": {
			"fileEncoding": "4",
			"isa": "PBXFileReference",
			"lastKnownFileType": "sourcecode.cpp.h",
			"name": "SubtractDivergenceShader.h",
			"sourceTree": "<group>"
		},
		"40641E90-BADE-49F7-9455-BBE7A868E6B0": {
			"fileEncoding": "4",
			"isa": "PBXFileReference",
			"lastKnownFileType": "sourcecode.cpp.h",
			"name": "MaskShader.h",
			"sourceTree": "<group>"
		},
		"45776D1D-D718-4B30-B5B1-08B9FF2BC405": {
			"fileEncoding": "4",
			"isa": "PBXFileReference",
			"lastKnownFileType": "sourcecode.cpp.h",
			"name": "ofxBaseGui.h",
			"sourceTree": "<group>"
		},
		"4587C377-F9A0-4D70-8CF6-31AA46A4C860": {
			"fileEncoding": "4",
			"isa": "PBXFileReference",
			"lastKnownFileType": "sourcecode.cpp.cpp",
			"name": "ofxLabel.cpp",
			"sourceTree": "<group>"
		},
		"45AFEFD9-4598-4D3A-8C6B-90FDCDEFA322": {
			"fileRef": "24DC86C5-0385-49A2-A0E7-C60F05E76427",
			"isa": "PBXBuildFile"
		},
		"5075269C-BEFA-4E6A-8C3D-CFEB7A38D168": {
			"fileEncoding": "4",
			"isa": "PBXFileReference",
			"lastKnownFileType": "sourcecode.cpp.cpp",
			"name": "ofxButton.cpp",
			"sourceTree": "<group>"
		},
		"54ACFCD5-9AFA-4D51-BA90-17EFA7D6CBCB": {
			"fileRef": "DBF86517-47CD-44AC-8D79-3008FD88DB25",
			"isa": "PBXBuildFile"
		},
		"5DEBD2B4-E413-4ADB-B143-8BBD5FACB8C1": {
			"fileEncoding": "4",
			"isa": "PBXFileReference",
			"lastKnownFileType": "sourcecode.cpp.h",
			"name": "ThresholdedAddShader.h",
			"sourceTree": "<group>"
		},
		"5DEC5860-19B9-4821-A207-6433D0F731A2": {
			"fileEncoding": "4",
			"isa": "PBXFileReference",
			"lastKnownFileType": "sourcecode.cpp.h",
			"name": "ofxGuiUtils.h",
			"sourceTree": "<group>"
		},
		"64951018-1EFC-49C9-B328-0E1E31ED6644": {
			"fileEncoding": "4",
			"isa": "PBXFileReference",
			"lastKnownFileType": "sourcecode.cpp.h",
			"name": "PingPongRenderer.h",
			"sourceTree": "<group>"
		},
		"66ACC1AD-6570-4467-B829-9551053A684B": {
			"fileEncoding": "4",
			"isa": "PBXFileReference",
			"lastKnownFileType": "sourcecode.cpp.h",
			"name": "ofxInputField.h",
			"sourceTree": "<group>"
		},
		"6DB8537F-7064-4CD3-8538-9D4AF96C5E86": {
			"fileEncoding": "4",
			"isa": "PBXFileReference",
			"lastKnownFileType": "sourcecode.cpp.h",
			"name": "Shader.h",
			"sourceTree": "<group>"
		},
		"70D93EAA-0320-414B-A489-B9EA8A763C63": {
			"fileEncoding": "4",
			"isa": "PBXFileReference",
			"lastKnownFileType": "sourcecode.cpp.h",
			"name": "ApplyVorticityForceShader.h",
			"sourceTree": "<group>"
		},
		"771A2D69-0FAA-46D7-BA63-E69F02235C95": {
			"fileEncoding": "4",
			"isa": "PBXFileReference",
			"lastKnownFileType": "sourcecode.cpp.h",
			"name": "InitShader.h",
			"sourceTree": "<group>"
		},
		"7731F530-D26D-4BBF-8158-A57EB300E291": {
			"fileEncoding": "4",
			"isa": "PBXFileReference",
			"lastKnownFileType": "sourcecode.cpp.cpp",
			"name": "ParticleField.cpp",
			"sourceTree": "<group>"
		},
		"7F0E560C-44D0-4EB8-8875-924F2419EEE2": {
			"fileEncoding": "4",
			"isa": "PBXFileReference",
			"lastKnownFileType": "sourcecode.cpp.h",
			"name": "AdvectShader.h",
			"sourceTree": "<group>"
		},
		"80B9E7C3-9467-484D-B838-173E0BD100B8": {
			"fileRef": "D1989823-786A-4C38-BF6E-2538C4D23B36",
			"isa": "PBXBuildFile"
		},
		"87BC82D2-2699-4226-BFF9-D30422FCEA8C": {
			"fileEncoding": "4",
			"isa": "PBXFileReference",
			"lastKnownFileType": "sourcecode.cpp.h",
			"name": "JacobiShader.h",
			"sourceTree": "<group>"
		},
		"8FB5D663-AE95-4DFE-A796-BB1D9B68A25F": {
			"fileEncoding": "4",
			"isa": "PBXFileReference",
			"lastKnownFileType": "sourcecode.cpp.h",
			"name": "ofxPanel.h",
			"sourceTree": "<group>"
		},
		"8FD6229D-BA1B-4841-B171-6A153F801E3B": {
			"fileEncoding": "4",
			"isa": "PBXFileReference",
			"lastKnownFileType": "sourcecode.cpp.h",
			"name": "TranslateEffect.h",
			"sourceTree": "<group>"
		},
		"94AEDFE3-DB00-45A8-8701-978CEF7DF460": {
			"fileRef": "7731F530-D26D-4BBF-8158-A57EB300E291",
			"isa": "PBXBuildFile"
		},
		"95C3FB6D-70F7-4673-81F7-E51561FEFA66": {
			"fileRef": "4587C377-F9A0-4D70-8CF6-31AA46A4C860",
			"isa": "PBXBuildFile"
		},
		"97099F2A-2F1A-4640-B284-1393C0A793AB": {
			"fileRef": "5075269C-BEFA-4E6A-8C3D-CFEB7A38D168",
			"isa": "PBXBuildFile"
		},
		"9820E273-8898-4198-8D43-E3A3E9247926": {
			"fileEncoding": "4",
			"isa": "PBXFileReference",
			"lastKnownFileType": "sourcecode.cpp.h",
			"name": "ofxSlider.h",
			"sourceTree": "<group>"
		},
		"9F7F5A69-980D-42B9-BF91-B00C27C0FF8A": {
			"fileEncoding": "4",
			"isa": "PBXFileReference",
			"lastKnownFileType": "sourcecode.cpp.h",
			"name": "SoftCircleShader.h",
			"sourceTree": "<group>"
		},
		"A468D00A-76AA-47BE-9856-201AF7BAE55C": {
			"fileEncoding": "4",
			"isa": "PBXFileReference",
			"lastKnownFileType": "sourcecode.cpp.h",
			"name": "ClampShader.h",
			"sourceTree": "<group>"
		},
		"AB477F97-3E9C-46D1-8DD4-1318EE678744": {
			"fileEncoding": "4",
			"isa": "PBXFileReference",
			"lastKnownFileType": "sourcecode.cpp.cpp",
			"name": "ofxGuiGroup.cpp",
			"sourceTree": "<group>"
		},
		"ACF2A5EE-568D-42A6-87C5-8D469249A933": {
			"fileEncoding": "4",
			"isa": "PBXFileReference",
			"lastKnownFileType": "sourcecode.cpp.h",
			"name": "ApplyBouyancyShader.h",
			"sourceTree": "<group>"
		},
		"AFAE9397-2A38-456F-B91A-BD0743F77697": {
			"children": [
				"0868C1EA-9236-40E4-883C-177C225E65A7",
				"A468D00A-76AA-47BE-9856-201AF7BAE55C",
				"E6DFC04F-5B82-4432-B96C-5A63FDB5C436",
				"064B589A-8607-41FC-814F-2176911FC9A4",
				"30BDEDD4-B676-4196-BD5B-AD3778108007",
				"40641E90-BADE-49F7-9455-BBE7A868E6B0",
				"CC2567BD-243F-4CE8-87BA-1C0F9C8118DB",
				"FD67270C-2358-43CF-85EF-4135C0D61811",
				"DADA7F40-424B-4AC5-991C-A37E0A4E1A55",
				"9F7F5A69-980D-42B9-BF91-B00C27C0FF8A",
				"5DEBD2B4-E413-4ADB-B143-8BBD5FACB8C1",
				"31FF4DA1-1BC7-4F6E-B870-B06851EA4C0C"
			],
			"isa": "PBXGroup",
			"name": "shaders",
			"path": "shaders",
			"sourceTree": "<group>"
		},
		"B40FABDD-A778-49FE-AB20-4C3934E4F9B5": {
			"fileEncoding": "4",
			"isa": "PBXFileReference",
			"lastKnownFileType": "sourcecode.cpp.h",
			"name": "ofxButton.h",
			"sourceTree": "<group>"
		},
		"B76CADFC-88A2-49B3-A105-231E0B66023F": {
			"fileEncoding": "4",
			"isa": "PBXFileReference",
			"lastKnownFileType": "sourcecode.cpp.h",
			"name": "ofxToggle.h",
			"sourceTree": "<group>"
		},
		"B9F38A44-2BC8-4226-94DB-AADE3DF5DD53": {
			"fileEncoding": "4",
			"isa": "PBXFileReference",
			"lastKnownFileType": "sourcecode.cpp.h",
			"name": "AddRadialImpulseShader.h",
			"sourceTree": "<group>"
		},
		"BB4B014C10F69532006C3DED": {
			"children": [
				"0EDE2F53-DA55-4BAD-A812-5B4262E1E85B",
				"D79E4235-8A7A-4179-AB8D-B3DAFFCB40D2",
				"36F03887-263A-4E07-B0AC-C59A17BC1502"
			],
			"isa": "PBXGroup",
			"name": "addons",
			"path": "../../../addons",
			"sourceTree": "SOURCE_ROOT"
		},
		"BF7D90D1-A616-4E31-84B0-215BCEB2567F": {
			"fileEncoding": "4",
			"isa": "PBXFileReference",
			"lastKnownFileType": "sourcecode.cpp.cpp",
			"name": "ofxPanel.cpp",
			"sourceTree": "<group>"
		},
		"C32C479D-2DF3-410A-91A7-8B521539D431": {
			"fileEncoding": "4",
			"isa": "PBXFileReference",
			"lastKnownFileType": "sourcecode.cpp.h",
			"name": "OpenGLTimer.h",
			"sourceTree": "<group>"
		},
		"C9D9F7BE-5355-49D4-9F20-E89442A2462C": {
			"fileEncoding": "4",
			"isa": "PBXFileReference",
			"lastKnownFileType": "sourcecode.cpp.h",
			"name": "UnitQuadMesh.h",
			"sourceTree": "<group>"
		},
		"CC2567BD-243F-4CE8-87BA-1C0F9C8118DB": {
			"fileEncoding": "4",
			"isa": "PBXFileReference",
			"lastKnownFileType": "sourcecode.cpp.h",
			"name": "OpticalFlowShader.h",
			"sourceTree": "<group>"
		},
		"CD8F7CC0-1084-46E0-BF84-AEE10049DD43": {
			"fileEncoding": "4",
			"isa": "PBXFileReference",
			"lastKnownFileType": "sourcecode.cpp.h",
			"name": "Effect.h",
			"sourceTree": "<group>"
		},
		"D0AB8DE0-42F1-484D-BB85-211688D3062F": {
			"fileEncoding": "4",
			"isa": "PBXFileReference",
			"lastKnownFileType": "sourcecode.cpp.cpp",
			"name": "ofxSliderGroup.cpp",
			"sourceTree": "<group>"
		},
		"D1989823-786A-4C38-BF6E-2538C4D23B36": {
			"fileEncoding": "4",
			"isa": "PBXFileReference",
			"lastKnownFileType": "sourcecode.cpp.cpp",
			"name": "ofxInputField.cpp",
			"sourceTree": "<group>"
		},
		"D79E4235-8A7A-4179-AB8D-B3DAFFCB40D2": {
			"children": [
				"0B88E456-DD05-483D-86DD-DB91C03F4E07"
			],
			"isa": "PBXGroup",
			"name": "ofxParticleField",
			"path": "ofxParticleField",
			"sourceTree": "<group>"
		},
		"D9DF150F-F0BA-4FD5-82BC-8DEA7A199200": {
			"fileEncoding": "4",
			"isa": "PBXFileReference",
			"lastKnownFileType": "folder",
			"name": "data",
			"path": "bin/data",
			"sourceTree": "SOURCE_ROOT"
		},
		"DADA7F40-424B-4AC5-991C-A37E0A4E1A55": {
			"fileEncoding": "4",
			"isa": "PBXFileReference",
			"lastKnownFileType": "sourcecode.cpp.h",
			"name": "SmearShader.h",
			"sourceTree": "<group>"
		},
		"DB858B2D-0224-4048-9D92-C29F255F9231": {
			"fileEncoding": "4",
			"isa": "PBXFileReference",
			"lastKnownFileType": "sourcecode.cpp.cpp",
			"name": "ofxColorPicker.cpp",
			"sourceTree": "<group>"
		},
		"DBF86517-47CD-44AC-8D79-3008FD88DB25": {
			"fileEncoding": "4",
			"isa": "PBXFileReference",
			"lastKnownFileType": "sourcecode.cpp.cpp",
			"name": "ofxSlider.cpp",
			"sourceTree": "<group>"
		},
		"E1238C28-265C-4D89-98FE-5C72005CED4E": {
			"fileEncoding": "4",
			"isa": "PBXFileReference",
			"lastKnownFileType": "sourcecode.cpp.h",
			"name": "PingPongFbo.h",
			"sourceTree": "<group>"
		},
		"E1A4C1C0-631F-4D15-B6DD-4984C1FE0C96": {
			"fileEncoding": "4",
			"isa": "PBXFileReference",
			"lastKnownFileType": "sourcecode.cpp.h",
			"name": "ofxLabel.h",
			"sourceTree": "<group>"
		},
		"E42962A92163ECCD00A6A9E2": {
			"alwaysOutOfDate": "1",
			"buildActionMask": "2147483647",
			"files": [],
			"inputPaths": [],
			"isa": "PBXShellScriptBuildPhase",
			"name": "Run Script — Compile OF",
			"outputPaths": [],
			"runOnlyForDeploymentPostprocessing": "0",
			"shellPath": "/bin/sh",
			"shellScript": "$OF_CORE_BUILD_COMMAND\n",
			"showEnvVarsInLog": "0"
		},
		"E4A5B60F29BAAAE400C2D356": {
			"buildActionMask": "2147483647",
			"dstPath": "",
			"dstSubfolderSpec": "6",
			"files": [],
			"isa": "PBXCopyFilesBuildPhase",
			"runOnlyForDeploymentPostprocessing": "0"
		},
		"E4B69B4A0A3A1720003C02F2": {
			"children": [
				"191CD6FA2847E21E0085CBB6",
				"E4B6FCAD0C3E899E008CF71C",
				"E4EB6923138AFD0F00A09F29",
				"E4B69E1C0A3A1BDC003C02F2",
				"191EF70929D778A400F35F26",
				"BB4B014C10F69532006C3DED",
				"E4B69B5B0A3A1756003C02F2",
				"D9DF150F-F0BA-4FD5-82BC-8DEA7A199200"
			],
			"isa": "PBXGroup",
			"sourceTree": "<group>"
		},
		"E4B69B4C0A3A1720003C02F2": {
			"attributes": {
				"BuildIndependentTargetsInParallel": "YES",
				"LastUpgradeCheck": "1540"
			},
			"buildConfigurationList": "E4B69B4D0A3A1720003C02F2",
			"compatibilityVersion": "Xcode 3.2",
			"developmentRegion": "en",
			"hasScannedForEncodings": "0",
			"isa": "PBXProject",
			"knownRegions": [
				"en",
				"Base"
			],
			"mainGroup": "E4B69B4A0A3A1720003C02F2",
			"productRefGroup": "E4B69B4A0A3A1720003C02F2",
			"projectDirPath": "",
			"projectRoot": "",
			"targets": [
				"E4B69B5A0A3A1756003C02F2"
			]
		},
		"E4B69B4D0A3A1720003C02F2": {
			"buildConfigurations": [
				"E4B69B4E0A3A1720003C02F2",
				"E4B69B4F0A3A1720003C02F2"
			],
			"defaultConfigurationIsVisible": "0",
			"defaultConfigurationName": "Release",
			"isa": "XCConfigurationList"
		},
		"E4B69B4E0A3A1720003C02F2": {
			"baseConfigurationReference": "E4EB6923138AFD0F00A09F29",
			"buildSettings": {
				"CODE_SIGN_ENTITLEMENTS": "of.entitlements",
				"COPY_PHASE_STRIP": "NO",
				"ENABLE_TESTABILITY": "YES",
				"GCC_OPTIMIZATION_LEVEL": "0",
				"GCC_WARN_UNUSED_VARIABLE": "NO",
				"HEADER_SEARCH_PATHS": [
					"$(OF_CORE_HEADERS)",
					"src"
				],
				"OTHER_CPLUSPLUSFLAGS": "-D__MACOSX_CORE__"
			},
			"isa": "XCBuildConfiguration",
			"name": "Debug"
		},
		"E4B69B4F0A3A1720003C02F2": {
			"baseConfigurationReference": "E4EB6923138AFD0F00A09F29",
			"buildSettings": {
				"CODE_SIGN_ENTITLEMENTS": "of.entitlements",
				"COPY_PHASE_STRIP": "YES",
				"GCC_OPTIMIZATION_LEVEL": "3",
				"GCC_UNROLL_LOOPS": "YES",
				"HEADER_SEARCH_PATHS": [
					"$(OF_CORE_HEADERS)",
					"src"
				],
				"OTHER_CPLUSPLUSFLAGS": "-D__MACOSX_CORE__"
			},
			"isa": "XCBuildConfiguration",
			"name": "Release"
		},
		"E4B69B580A3A1756003C02F2": {
			"buildActionMask": "2147483647",
			"files": [
				"E4B69E200A3A1BDC003C02F2",
				"E4B69E210A3A1BDC003C02F2",
				"2956506C-0F88-4E6E-8C91-F3E41943A8D4",
				"97099F2A-2F1A-4640-B284-1393C0A793AB",
				"E54FFFC7-907F-4F57-85EB-95F6C70EF924",
				"FDACD026-79AB-4FDA-9470-BB04A2C0A0D6",
				"80B9E7C3-9467-484D-B838-173E0BD100B8",
				"95C3FB6D-70F7-4673-81F7-E51561FEFA66",
				"F82CE22C-AA4B-4A4C-9A49-E131277A0D7B",
				"54ACFCD5-9AFA-4D51-BA90-17EFA7D6CBCB",
				"37943EBD-6043-4B4D-ABDF-08527DF66EE8",
				"45AFEFD9-4598-4D3A-8C6B-90FDCDEFA322",
				"94AEDFE3-DB00-45A8-8701-978CEF7DF460"
			],
			"isa": "PBXSourcesBuildPhase",
			"runOnlyForDeploymentPostprocessing": "0"
		},
		"E4B69B590A3A1756003C02F2": {
			"buildActionMask": "2147483647",
			"files": [],
			"isa": "PBXFrameworksBuildPhase",
			"runOnlyForDeploymentPostprocessing": "0"
		},
		"E4B69B5A0A3A1756003C02F2": {
			"buildConfigurationList": "E4B69B5F0A3A1757003C02F2",
			"buildPhases": [
				"E42962A92163ECCD00A6A9E2",
				"E4B69B580A3A1756003C02F2",
				"E4B69B590A3A1756003C02F2",
				"E4C2427710CC5ABF004149E2",
				"E4A5B60F29BAAAE400C2D356",
				"19B789C429E5AB4A0082E9B8"
			],
			"buildRules": [],
			"dependencies": [],
			"isa": "PBXNativeTarget",
			"name": "example_noise",
			"productName": "myOFApp",
			"productReference": "E4B69B5B0A3A1756003C02F2",
			"productType": "com.apple.product-type.application"
		},
		"E4B69B5B0A3A1756003C02F2": {
			"explicitFileType": "wrapper.application",
			"includeInIndex": "0",
			"isa": "PBXFileReference",
			"path": "example_noiseDebug.app",
			"sourceTree": "BUILT_PRODUCTS_DIR"
		},
		"E4B69B5F0A3A1757003C02F2": {
			"buildConfigurations": [
				"E4B69B600A3A1757003C02F2",
				"E4B69B610A3A1757003C02F2"
			],
			"defaultConfigurationIsVisible": "0",
			"defaultConfigurationName": "Release",
			"isa": "XCConfigurationList"
		},
		"E4B69B600A3A1757003C02F2": {
			"baseConfigurationReference": "E4EB6923138AFD0F00A09F29",
			"buildSettings": {
				"ARCHS": "$(ARCHS_STANDARD)",
				"COPY_PHASE_STRIP": "NO",
				"FRAMEWORK_SEARCH_PATHS": "$(inherited)",
				"GCC_DYNAMIC_NO_PIC": "NO",
				"HEADER_SEARCH_PATHS": [
					"$(OF_CORE_HEADERS)",
					"src",
					"src",
					"../../ofxGui/src",
					"../src",
					"../../ofxRenderer/src",
					"../../ofxRenderer/src/effects",
					"../../ofxRenderer/src/fluid",
					"../../ofxRenderer/src/shaders"
				],
				"LIBRARY_SEARCH_PATHS": "$(inherited)",
				"OTHER_LDFLAGS": [
					"$(OF_CORE_LIBS)",
					"$(OF_CORE_FRAMEWORKS)",
					"$(LIB_OF_DEBUG)"
				]
			},
			"isa": "XCBuildConfiguration",
			"name": "Debug"
		},
		"E4B69B610A3A1757003C02F2": {
			"baseConfigurationReference": "E4EB6923138AFD0F00A09F29",
			"buildSettings": {
				"ARCHS": "$(ARCHS_STANDARD)",
				"COPY_PHASE_STRIP": "YES",
				"FRAMEWORK_SEARCH_PATHS": "$(inherited)",
				"HEADER_SEARCH_PATHS": [
					"$(OF_CORE_HEADERS)",
					"src",
					"src",
					"../../ofxGui/src",
					"../src",
					"../../ofxRenderer/src",
					"../../ofxRenderer/src/effects",
					"../../ofxRenderer/src/fluid",
					"../../ofxRenderer/src/shaders"
				],
				"LIBRARY_SEARCH_PATHS": "$(inherited)",
				"OTHER_LDFLAGS": [
					"$(OF_CORE_LIBS)",
					"$(OF_CORE_FRAMEWORKS)",
					"$(LIB_OF_RELEASE)"
				],
				"baseConfigurationReference": "E4EB6923138AFD0F00A09F29"
			},
			"isa": "XCBuildConfiguration",
			"name": "Release"
		},
		"E4B69E1C0A3A1BDC003C02F2": {
			"children": [
				"E4B69E1D0A3A1BDC003C02F2",
				"E4B69E1E0A3A1BDC003C02F2",
				"E4B69E1F0A3A1BDC003C02F2"
			],
			"isa": "PBXGroup",
			"path": "src",
			"sourceTree": "SOURCE_ROOT"
		},
		"E4B69E1D0A3A1BDC003C02F2": {
			"fileEncoding": "4",
			"isa": "PBXFileReference",
			"lastKnownFileType": "sourcecode.cpp.cpp",
			"name": "main.cpp",
			"path": "src/main.cpp",
			"sourceTree": "SOURCE_ROOT"
		},
		"E4B69E1E0A3A1BDC003C02F2": {
			"explicitFileType": "sourcecode.cpp.cpp",
			"fileEncoding": "4",
			"isa": "PBXFileReference",
			"name": "ofApp.cpp",
			"path": "src/ofApp.cpp",
			"sourceTree": "SOURCE_ROOT"
		},
		"E4B69E1F0A3A1BDC003C02F2": {
			"fileEncoding": "4",
			"isa": "PBXFileReference",
			"lastKnownFileType": "sourcecode.c.h",
			"name": "ofApp.h",
			"path": "src/ofApp.h",
			"sourceTree": "SOURCE_ROOT"
		},
		"E4B69E200A3A1BDC003C02F2": {
			"fileRef": "E4B69E1D0A3A1BDC003C02F2",
			"isa": "PBXBuildFile"
		},
		"E4B69E210A3A1BDC003C02F2": {
			"fileRef": "E4B69E1E0A3A1BDC003C02F2",
			"isa": "PBXBuildFile"
		},
		"E4B6FCAD0C3E899E008CF71C": {
			"fileEncoding": "4",
			"isa": "PBXFileReference",
			"lastKnownFileType": "text.plist.xml",
			"path": "openFrameworks-Info.plist",
			"sourceTree": "<group>"
		},
		"E4C2427710CC5ABF004149E2": {
			"buildActionMask": "2147483647",
			"dstPath": "",
			"dstSubfolderSpec": "10",
			"files": [],
			"isa": "PBXCopyFilesBuildPhase",
			"runOnlyForDeploymentPostprocessing": "0"
		},
		"E4EB6923138AFD0F00A09F29": {
			"fileEncoding": "4",
			"isa": "PBXFileReference",
			"lastKnownFileType": "text.xcconfig",
			"path": "Project.xcconfig",
			"sourceTree": "<group>"
		},
		"E54FFFC7-907F-4F57-85EB-95F6C70EF924": {
			"fileRef": "DB858B2D-0224-4048-9D92-C29F255F9231",
			"isa": "PBXBuildFile"
		},
		"E5A8FB62-6479-4382-A403-D93AE808AF20": {
			"children": [
				"076C6A99-1594-4F8B-AA69-8EC13DBABA29",
				"8FD6229D-BA1B-4841-B171-6A153F801E3B"
			],
			"isa": "PBXGroup",
			"name": "effects",
			"path": "effects",
			"sourceTree": "<group>"
		},
		"E6DFC04F-5B82-4432-B96C-5A63FDB5C436": {
			"fileEncoding": "4",
			"isa": "PBXFileReference",
			"lastKnownFileType": "sourcecode.cpp.h",
			"name": "GaussianXBlurShader.h",
			"sourceTree": "<group>"
		},
		"E9467190-4018-474C-AE19-75A958CABE03": {
			"fileEncoding": "4",
			"isa": "PBXFileReference",
			"lastKnownFileType": "sourcecode.cpp.h",
			"name": "ofxSliderGroup.h",
			"sourceTree": "<group>"
		},
		"EB6CC8E5-1798-4371-A62C-7A727D12A4D5": {
			"children": [
				"B9F38A44-2BC8-4226-94DB-AADE3DF5DD53",
				"7F0E560C-44D0-4EB8-8875-924F2419EEE2",
				"ACF2A5EE-568D-42A6-87C5-8D469249A933",
				"70D93EAA-0320-414B-A489-B9EA8A763C63",
				"2512CE45-01B7-4E21-BC14-21E27D6DD2DB",
				"0D3DF8D7-DF4C-402C-9550-FAFF03419DD5",
				"87BC82D2-2699-4226-BFF9-D30422FCEA8C",
				"3B086D2E-34F8-4EB5-8849-5154AE86F33A",
				"18930A56-5BD2-439A-A2F1-39D4B9FCB850"
			],
			"isa": "PBXGroup",
			"name": "fluid",
			"path": "fluid",
			"sourceTree": "<group>"
		},
		"F04B6319-0C4C-4752-84CA-1AC95702ED27": {
			"fileEncoding": "4",
			"isa": "PBXFileReference",
			"lastKnownFileType": "sourcecode.cpp.h",
			"name": "Renderer.h",
			"sourceTree": "<group>"
		},
		"F2061D4C-8B61-40D4-B18B-47429510E05D": {
			"fileEncoding": "4",
			"isa": "PBXFileReference",
			"lastKnownFileType": "sourcecode.cpp.h",
			"name": "Constants.h",
			"sourceTree": "<group>"
		},
		"F62ABA9A-B62F-4D0F-AABF-348BB031CAB6": {
			"fileEncoding": "4",
			"isa": "PBXFileReference",
			"lastKnownFileType": "sourcecode.cpp.h",
			"name": "ofxGuiGroup.h",
			"sourceTree": "<group>"
		},
		"F82CE22C-AA4B-4A4C-9A49-E131277A0D7B": {
			"fileRef": "BF7D90D1-A616-4E31-84B0-215BCEB2567F",
			"isa": "PBXBuildFile"
		},
		"FD67270C-2358-43CF-85EF-4135C0D61811": {
			"fileEncoding": "4",
			"isa": "PBXFileReference",
			"lastKnownFileType": "sourcecode.cpp.h",
			"name": "RefractiveRectangleShader.h",
			"sourceTree": "<group>"
		},
		"FDACD026-79AB-4FDA-9470-BB04A2C0A0D6": {
			"fileRef": "AB477F97-3E9C-46D1-8DD4-1318EE678744",
			"isa": "PBXBuildFile"
		},
		"FFB4D44A-5B2B-4B04-ADC9-1F9B6B4FF7CB": {
			"children": [
				"CD8F7CC0-1084-46E0-BF84-AEE10049DD43",
				"C32C479D-2DF3-410A-91A7-8B521539D431",
				"E1238C28-265C-4D89-98FE-5C72005CED4E",
				"64951018-1EFC-49C9-B328-0E1E31ED6644",
				"F04B6319-0C4C-4752-84CA-1AC95702ED27",
				"6DB8537F-7064-4CD3-8538-9D4AF96C5E86",
				"C9D9F7BE-5355-49D4-9F20-E89442A2462C",
				"E5A8FB62-6479-4382-A403-D93AE808AF20",
				"EB6CC8E5-1798-4371-A62C-7A727D12A4D5",
				"AFAE9397-2A38-456F-B91A-BD0743F77697"
			],
			"isa": "PBXGroup",
			"name": "src",
			"path": "src",
			"sourceTree": "<group>"
		}
	},
	"rootObject": "E4B69B4C0A3A1720003C02F2"
}